
Microsoft Visual Studio Solution File, Format Version 12.00
# Visual Studio Version 16
VisualStudioVersion = 16.0.29613.14
MinimumVisualStudioVersion = 10.0.40219.1
Project("{FAE04EC0-301F-11D3-BF4B-00C04F79EFBC}") = "GuruDemoWebApp", "GuruDemoWebApp.csproj", "{A42928B7-5758-4A7A-BD5B-D7BA400EC2F6}"
EndProject
Global
	GlobalSection(SolutionConfigurationPlatforms) = preSolution
		Debug|Any CPU = Debug|Any CPU
		Release|Any CPU = Release|Any CPU
	EndGlobalSection
	GlobalSection(ProjectConfigurationPlatforms) = postSolution
		{A42928B7-5758-4A7A-BD5B-D7BA400EC2F6}.Debug|Any CPU.ActiveCfg = Debug|Any CPU
		{A42928B7-5758-4A7A-BD5B-D7BA400EC2F6}.Debug|Any CPU.Build.0 = Debug|Any CPU
		{A42928B7-5758-4A7A-BD5B-D7BA400EC2F6}.Release|Any CPU.ActiveCfg = Release|Any CPU
		{A42928B7-5758-4A7A-BD5B-D7BA400EC2F6}.Release|Any CPU.Build.0 = Release|Any CPU
	EndGlobalSection
	GlobalSection(SolutionProperties) = preSolution
		HideSolutionNode = FALSE
	EndGlobalSection
	GlobalSection(ExtensibilityGlobals) = postSolution
		SolutionGuid = {3265C910-6795-457A-B258-2BE6B0BC569E}
	EndGlobalSection
EndGlobal
